// !$*UTF8*$!
{
	archiveVersion = 1;
	classes = {
	};
	objectVersion = 50;
	objects = {

/* Begin PBXBuildFile section */
		16E1713D7A63581FFA24A0FE /* libPods-SQRNetworkRequset.a in Frameworks */ = {isa = PBXBuildFile; fileRef = 9A9A5F5B8CA03F713ABE208C /* libPods-SQRNetworkRequset.a */; };
		9A1AC7E620ECA4B600482B2B /* LoginLoseEfficacyView.m in Sources */ = {isa = PBXBuildFile; fileRef = 9A1AC7E520ECA4B600482B2B /* LoginLoseEfficacyView.m */; };
		9A1AC7E820ECA4CB00482B2B /* LoginLoseEfficacyView.xib in Resources */ = {isa = PBXBuildFile; fileRef = 9A1AC7E720ECA4CB00482B2B /* LoginLoseEfficacyView.xib */; };
		9A2D66A720CE101A00C986E3 /* SQRNetworkRequsetTests.m in Sources */ = {isa = PBXBuildFile; fileRef = 9A2D66A620CE101A00C986E3 /* SQRNetworkRequsetTests.m */; };
		9A2D66B220CE101A00C986E3 /* SQRNetworkRequsetUITests.m in Sources */ = {isa = PBXBuildFile; fileRef = 9A2D66B120CE101A00C986E3 /* SQRNetworkRequsetUITests.m */; };
		9A2D66CF20CE109C00C986E3 /* AppDelegate.m in Sources */ = {isa = PBXBuildFile; fileRef = 9A2D66C420CE109C00C986E3 /* AppDelegate.m */; };
		9A2D66D020CE109C00C986E3 /* Assets.xcassets in Resources */ = {isa = PBXBuildFile; fileRef = 9A2D66C520CE109C00C986E3 /* Assets.xcassets */; };
		9A2D66D120CE109C00C986E3 /* LaunchScreen.storyboard in Resources */ = {isa = PBXBuildFile; fileRef = 9A2D66C620CE109C00C986E3 /* LaunchScreen.storyboard */; };
		9A2D66D220CE109C00C986E3 /* Main.storyboard in Resources */ = {isa = PBXBuildFile; fileRef = 9A2D66C820CE109C00C986E3 /* Main.storyboard */; };
		9A2D66D320CE109C00C986E3 /* Info.plist in Resources */ = {isa = PBXBuildFile; fileRef = 9A2D66CA20CE109C00C986E3 /* Info.plist */; };
		9A2D66D420CE109C00C986E3 /* main.m in Sources */ = {isa = PBXBuildFile; fileRef = 9A2D66CB20CE109C00C986E3 /* main.m */; };
		9A2D66D520CE109C00C986E3 /* ViewController.m in Sources */ = {isa = PBXBuildFile; fileRef = 9A2D66CD20CE109C00C986E3 /* ViewController.m */; };
		9A2D66D920CE10A900C986E3 /* SQRNetworkRequest.m in Sources */ = {isa = PBXBuildFile; fileRef = 9A2D66D820CE10A900C986E3 /* SQRNetworkRequest.m */; };
		9A71D07E20E4B55F00E53BC8 /* HMFJSONResponseSerializerWithData.m in Sources */ = {isa = PBXBuildFile; fileRef = 9A71D07C20E4B55C00E53BC8 /* HMFJSONResponseSerializerWithData.m */; };
/* End PBXBuildFile section */

/* Begin PBXContainerItemProxy section */
		9A2D66A320CE101A00C986E3 /* PBXContainerItemProxy */ = {
			isa = PBXContainerItemProxy;
			containerPortal = 9A2D668220CE101700C986E3 /* Project object */;
			proxyType = 1;
			remoteGlobalIDString = 9A2D668920CE101700C986E3;
			remoteInfo = SQRNetworkRequset;
		};
		9A2D66AE20CE101A00C986E3 /* PBXContainerItemProxy */ = {
			isa = PBXContainerItemProxy;
			containerPortal = 9A2D668220CE101700C986E3 /* Project object */;
			proxyType = 1;
			remoteGlobalIDString = 9A2D668920CE101700C986E3;
			remoteInfo = SQRNetworkRequset;
		};
/* End PBXContainerItemProxy section */

/* Begin PBXFileReference section */
		052D2D0ADA7D66B2A017A647 /* Pods-SQRNetworkRequset.release.xcconfig */ = {isa = PBXFileReference; includeInIndex = 1; lastKnownFileType = text.xcconfig; name = "Pods-SQRNetworkRequset.release.xcconfig"; path = "Pods/Target Support Files/Pods-SQRNetworkRequset/Pods-SQRNetworkRequset.release.xcconfig"; sourceTree = "<group>"; };
		1D036C39827FF1D41F5F054C /* Pods-SQRNetworkRequset.debug.xcconfig */ = {isa = PBXFileReference; includeInIndex = 1; lastKnownFileType = text.xcconfig; name = "Pods-SQRNetworkRequset.debug.xcconfig"; path = "Pods/Target Support Files/Pods-SQRNetworkRequset/Pods-SQRNetworkRequset.debug.xcconfig"; sourceTree = "<group>"; };
		9A1AC7E420ECA4B600482B2B /* LoginLoseEfficacyView.h */ = {isa = PBXFileReference; lastKnownFileType = sourcecode.c.h; path = LoginLoseEfficacyView.h; sourceTree = "<group>"; };
		9A1AC7E520ECA4B600482B2B /* LoginLoseEfficacyView.m */ = {isa = PBXFileReference; lastKnownFileType = sourcecode.c.objc; path = LoginLoseEfficacyView.m; sourceTree = "<group>"; };
		9A1AC7E720ECA4CB00482B2B /* LoginLoseEfficacyView.xib */ = {isa = PBXFileReference; lastKnownFileType = file.xib; path = LoginLoseEfficacyView.xib; sourceTree = "<group>"; };
		9A2D668A20CE101700C986E3 /* SQRNetworkRequset.app */ = {isa = PBXFileReference; explicitFileType = wrapper.application; includeInIndex = 0; path = SQRNetworkRequset.app; sourceTree = BUILT_PRODUCTS_DIR; };
		9A2D66A220CE101A00C986E3 /* SQRNetworkRequsetTests.xctest */ = {isa = PBXFileReference; explicitFileType = wrapper.cfbundle; includeInIndex = 0; path = SQRNetworkRequsetTests.xctest; sourceTree = BUILT_PRODUCTS_DIR; };
		9A2D66A620CE101A00C986E3 /* SQRNetworkRequsetTests.m */ = {isa = PBXFileReference; lastKnownFileType = sourcecode.c.objc; path = SQRNetworkRequsetTests.m; sourceTree = "<group>"; };
		9A2D66A820CE101A00C986E3 /* Info.plist */ = {isa = PBXFileReference; lastKnownFileType = text.plist.xml; path = Info.plist; sourceTree = "<group>"; };
		9A2D66AD20CE101A00C986E3 /* SQRNetworkRequsetUITests.xctest */ = {isa = PBXFileReference; explicitFileType = wrapper.cfbundle; includeInIndex = 0; path = SQRNetworkRequsetUITests.xctest; sourceTree = BUILT_PRODUCTS_DIR; };
		9A2D66B120CE101A00C986E3 /* SQRNetworkRequsetUITests.m */ = {isa = PBXFileReference; lastKnownFileType = sourcecode.c.objc; path = SQRNetworkRequsetUITests.m; sourceTree = "<group>"; };
		9A2D66B320CE101A00C986E3 /* Info.plist */ = {isa = PBXFileReference; lastKnownFileType = text.plist.xml; path = Info.plist; sourceTree = "<group>"; };
		9A2D66C320CE109C00C986E3 /* AppDelegate.h */ = {isa = PBXFileReference; fileEncoding = 4; lastKnownFileType = sourcecode.c.h; path = AppDelegate.h; sourceTree = "<group>"; };
		9A2D66C420CE109C00C986E3 /* AppDelegate.m */ = {isa = PBXFileReference; fileEncoding = 4; lastKnownFileType = sourcecode.c.objc; path = AppDelegate.m; sourceTree = "<group>"; };
		9A2D66C520CE109C00C986E3 /* Assets.xcassets */ = {isa = PBXFileReference; lastKnownFileType = folder.assetcatalog; path = Assets.xcassets; sourceTree = "<group>"; };
		9A2D66C720CE109C00C986E3 /* Base */ = {isa = PBXFileReference; lastKnownFileType = file.storyboard; name = Base; path = Base.lproj/LaunchScreen.storyboard; sourceTree = "<group>"; };
		9A2D66C920CE109C00C986E3 /* Base */ = {isa = PBXFileReference; lastKnownFileType = file.storyboard; name = Base; path = Base.lproj/Main.storyboard; sourceTree = "<group>"; };
		9A2D66CA20CE109C00C986E3 /* Info.plist */ = {isa = PBXFileReference; fileEncoding = 4; lastKnownFileType = text.plist.xml; path = Info.plist; sourceTree = "<group>"; };
		9A2D66CB20CE109C00C986E3 /* main.m */ = {isa = PBXFileReference; fileEncoding = 4; lastKnownFileType = sourcecode.c.objc; path = main.m; sourceTree = "<group>"; };
		9A2D66CC20CE109C00C986E3 /* ViewController.h */ = {isa = PBXFileReference; fileEncoding = 4; lastKnownFileType = sourcecode.c.h; path = ViewController.h; sourceTree = "<group>"; };
		9A2D66CD20CE109C00C986E3 /* ViewController.m */ = {isa = PBXFileReference; fileEncoding = 4; lastKnownFileType = sourcecode.c.objc; path = ViewController.m; sourceTree = "<group>"; };
		9A2D66D720CE10A900C986E3 /* SQRNetworkRequest.h */ = {isa = PBXFileReference; fileEncoding = 4; lastKnownFileType = sourcecode.c.h; path = SQRNetworkRequest.h; sourceTree = "<group>"; };
		9A2D66D820CE10A900C986E3 /* SQRNetworkRequest.m */ = {isa = PBXFileReference; fileEncoding = 4; lastKnownFileType = sourcecode.c.objc; path = SQRNetworkRequest.m; sourceTree = "<group>"; };
		9A71D07C20E4B55C00E53BC8 /* HMFJSONResponseSerializerWithData.m */ = {isa = PBXFileReference; fileEncoding = 4; lastKnownFileType = sourcecode.c.objc; path = HMFJSONResponseSerializerWithData.m; sourceTree = "<group>"; };
		9A71D07D20E4B55E00E53BC8 /* HMFJSONResponseSerializerWithData.h */ = {isa = PBXFileReference; fileEncoding = 4; lastKnownFileType = sourcecode.c.h; path = HMFJSONResponseSerializerWithData.h; sourceTree = "<group>"; };
		9A9A5F5B8CA03F713ABE208C /* libPods-SQRNetworkRequset.a */ = {isa = PBXFileReference; explicitFileType = archive.ar; includeInIndex = 0; path = "libPods-SQRNetworkRequset.a"; sourceTree = BUILT_PRODUCTS_DIR; };
/* End PBXFileReference section */

/* Begin PBXFrameworksBuildPhase section */
		9A2D668720CE101700C986E3 /* Frameworks */ = {
			isa = PBXFrameworksBuildPhase;
			buildActionMask = 2147483647;
			files = (
				16E1713D7A63581FFA24A0FE /* libPods-SQRNetworkRequset.a in Frameworks */,
			);
			runOnlyForDeploymentPostprocessing = 0;
		};
		9A2D669F20CE101A00C986E3 /* Frameworks */ = {
			isa = PBXFrameworksBuildPhase;
			buildActionMask = 2147483647;
			files = (
			);
			runOnlyForDeploymentPostprocessing = 0;
		};
		9A2D66AA20CE101A00C986E3 /* Frameworks */ = {
			isa = PBXFrameworksBuildPhase;
			buildActionMask = 2147483647;
			files = (
			);
			runOnlyForDeploymentPostprocessing = 0;
		};
/* End PBXFrameworksBuildPhase section */

/* Begin PBXGroup section */
		9A2D668120CE101700C986E3 = {
			isa = PBXGroup;
			children = (
				9A2D66C220CE109C00C986E3 /* SQRNetworkRequsetExample */,
				9A2D66A520CE101A00C986E3 /* SQRNetworkRequsetTests */,
				9A2D66B020CE101A00C986E3 /* SQRNetworkRequsetUITests */,
				9A2D668B20CE101700C986E3 /* Products */,
				EB625E4A3A57B24122CA6523 /* Pods */,
				AEEA31BA75E59242301DCE5A /* Frameworks */,
			);
			sourceTree = "<group>";
		};
		9A2D668B20CE101700C986E3 /* Products */ = {
			isa = PBXGroup;
			children = (
				9A2D668A20CE101700C986E3 /* SQRNetworkRequset.app */,
				9A2D66A220CE101A00C986E3 /* SQRNetworkRequsetTests.xctest */,
				9A2D66AD20CE101A00C986E3 /* SQRNetworkRequsetUITests.xctest */,
			);
			name = Products;
			sourceTree = "<group>";
		};
		9A2D66A520CE101A00C986E3 /* SQRNetworkRequsetTests */ = {
			isa = PBXGroup;
			children = (
				9A2D66A620CE101A00C986E3 /* SQRNetworkRequsetTests.m */,
				9A2D66A820CE101A00C986E3 /* Info.plist */,
			);
			path = SQRNetworkRequsetTests;
			sourceTree = "<group>";
		};
		9A2D66B020CE101A00C986E3 /* SQRNetworkRequsetUITests */ = {
			isa = PBXGroup;
			children = (
				9A2D66B120CE101A00C986E3 /* SQRNetworkRequsetUITests.m */,
				9A2D66B320CE101A00C986E3 /* Info.plist */,
			);
			path = SQRNetworkRequsetUITests;
			sourceTree = "<group>";
		};
		9A2D66C220CE109C00C986E3 /* SQRNetworkRequsetExample */ = {
			isa = PBXGroup;
			children = (
				9A2D66D620CE10A900C986E3 /* SQRNetworkRequset */,
				9A2D66C320CE109C00C986E3 /* AppDelegate.h */,
				9A2D66C420CE109C00C986E3 /* AppDelegate.m */,
				9A2D66C520CE109C00C986E3 /* Assets.xcassets */,
				9A2D66C620CE109C00C986E3 /* LaunchScreen.storyboard */,
				9A2D66C820CE109C00C986E3 /* Main.storyboard */,
				9A2D66CA20CE109C00C986E3 /* Info.plist */,
				9A2D66CB20CE109C00C986E3 /* main.m */,
				9A2D66CC20CE109C00C986E3 /* ViewController.h */,
				9A2D66CD20CE109C00C986E3 /* ViewController.m */,
			);
			path = SQRNetworkRequsetExample;
			sourceTree = "<group>";
		};
		9A2D66D620CE10A900C986E3 /* SQRNetworkRequset */ = {
			isa = PBXGroup;
			children = (
				9A2D66D720CE10A900C986E3 /* SQRNetworkRequest.h */,
				9A2D66D820CE10A900C986E3 /* SQRNetworkRequest.m */,
				9A71D07D20E4B55E00E53BC8 /* HMFJSONResponseSerializerWithData.h */,
				9A71D07C20E4B55C00E53BC8 /* HMFJSONResponseSerializerWithData.m */,
				9A1AC7E420ECA4B600482B2B /* LoginLoseEfficacyView.h */,
				9A1AC7E520ECA4B600482B2B /* LoginLoseEfficacyView.m */,
				9A1AC7E720ECA4CB00482B2B /* LoginLoseEfficacyView.xib */,
			);
			path = SQRNetworkRequset;
			sourceTree = SOURCE_ROOT;
		};
		AEEA31BA75E59242301DCE5A /* Frameworks */ = {
			isa = PBXGroup;
			children = (
				9A9A5F5B8CA03F713ABE208C /* libPods-SQRNetworkRequset.a */,
			);
			name = Frameworks;
			sourceTree = "<group>";
		};
		EB625E4A3A57B24122CA6523 /* Pods */ = {
			isa = PBXGroup;
			children = (
				1D036C39827FF1D41F5F054C /* Pods-SQRNetworkRequset.debug.xcconfig */,
				052D2D0ADA7D66B2A017A647 /* Pods-SQRNetworkRequset.release.xcconfig */,
			);
			name = Pods;
			sourceTree = "<group>";
		};
/* End PBXGroup section */

/* Begin PBXNativeTarget section */
		9A2D668920CE101700C986E3 /* SQRNetworkRequset */ = {
			isa = PBXNativeTarget;
			buildConfigurationList = 9A2D66B620CE101A00C986E3 /* Build configuration list for PBXNativeTarget "SQRNetworkRequset" */;
			buildPhases = (
				A61F7A07B97FE318ECAE152C /* [CP] Check Pods Manifest.lock */,
				9A2D668620CE101700C986E3 /* Sources */,
				9A2D668720CE101700C986E3 /* Frameworks */,
				9A2D668820CE101700C986E3 /* Resources */,
			);
			buildRules = (
			);
			dependencies = (
			);
			name = SQRNetworkRequset;
			productName = SQRNetworkRequset;
			productReference = 9A2D668A20CE101700C986E3 /* SQRNetworkRequset.app */;
			productType = "com.apple.product-type.application";
		};
		9A2D66A120CE101A00C986E3 /* SQRNetworkRequsetTests */ = {
			isa = PBXNativeTarget;
			buildConfigurationList = 9A2D66B920CE101A00C986E3 /* Build configuration list for PBXNativeTarget "SQRNetworkRequsetTests" */;
			buildPhases = (
				9A2D669E20CE101A00C986E3 /* Sources */,
				9A2D669F20CE101A00C986E3 /* Frameworks */,
				9A2D66A020CE101A00C986E3 /* Resources */,
			);
			buildRules = (
			);
			dependencies = (
				9A2D66A420CE101A00C986E3 /* PBXTargetDependency */,
			);
			name = SQRNetworkRequsetTests;
			productName = SQRNetworkRequsetTests;
			productReference = 9A2D66A220CE101A00C986E3 /* SQRNetworkRequsetTests.xctest */;
			productType = "com.apple.product-type.bundle.unit-test";
		};
		9A2D66AC20CE101A00C986E3 /* SQRNetworkRequsetUITests */ = {
			isa = PBXNativeTarget;
			buildConfigurationList = 9A2D66BC20CE101A00C986E3 /* Build configuration list for PBXNativeTarget "SQRNetworkRequsetUITests" */;
			buildPhases = (
				9A2D66A920CE101A00C986E3 /* Sources */,
				9A2D66AA20CE101A00C986E3 /* Frameworks */,
				9A2D66AB20CE101A00C986E3 /* Resources */,
			);
			buildRules = (
			);
			dependencies = (
				9A2D66AF20CE101A00C986E3 /* PBXTargetDependency */,
			);
			name = SQRNetworkRequsetUITests;
			productName = SQRNetworkRequsetUITests;
			productReference = 9A2D66AD20CE101A00C986E3 /* SQRNetworkRequsetUITests.xctest */;
			productType = "com.apple.product-type.bundle.ui-testing";
		};
/* End PBXNativeTarget section */

/* Begin PBXProject section */
		9A2D668220CE101700C986E3 /* Project object */ = {
			isa = PBXProject;
			attributes = {
				LastUpgradeCheck = 0930;
				ORGANIZATIONNAME = PR;
				TargetAttributes = {
					9A2D668920CE101700C986E3 = {
						CreatedOnToolsVersion = 9.3;
					};
					9A2D66A120CE101A00C986E3 = {
						CreatedOnToolsVersion = 9.3;
						TestTargetID = 9A2D668920CE101700C986E3;
					};
					9A2D66AC20CE101A00C986E3 = {
						CreatedOnToolsVersion = 9.3;
						TestTargetID = 9A2D668920CE101700C986E3;
					};
				};
			};
			buildConfigurationList = 9A2D668520CE101700C986E3 /* Build configuration list for PBXProject "SQRNetworkRequset" */;
			compatibilityVersion = "Xcode 9.3";
			developmentRegion = en;
			hasScannedForEncodings = 0;
			knownRegions = (
				en,
				Base,
			);
			mainGroup = 9A2D668120CE101700C986E3;
			productRefGroup = 9A2D668B20CE101700C986E3 /* Products */;
			projectDirPath = "";
			projectRoot = "";
			targets = (
				9A2D668920CE101700C986E3 /* SQRNetworkRequset */,
				9A2D66A120CE101A00C986E3 /* SQRNetworkRequsetTests */,
				9A2D66AC20CE101A00C986E3 /* SQRNetworkRequsetUITests */,
			);
		};
/* End PBXProject section */

/* Begin PBXResourcesBuildPhase section */
		9A2D668820CE101700C986E3 /* Resources */ = {
			isa = PBXResourcesBuildPhase;
			buildActionMask = 2147483647;
			files = (
				9A2D66D320CE109C00C986E3 /* Info.plist in Resources */,
				9A2D66D220CE109C00C986E3 /* Main.storyboard in Resources */,
				9A2D66D020CE109C00C986E3 /* Assets.xcassets in Resources */,
				9A2D66D120CE109C00C986E3 /* LaunchScreen.storyboard in Resources */,
				9A1AC7E820ECA4CB00482B2B /* LoginLoseEfficacyView.xib in Resources */,
			);
			runOnlyForDeploymentPostprocessing = 0;
		};
		9A2D66A020CE101A00C986E3 /* Resources */ = {
			isa = PBXResourcesBuildPhase;
			buildActionMask = 2147483647;
			files = (
			);
			runOnlyForDeploymentPostprocessing = 0;
		};
		9A2D66AB20CE101A00C986E3 /* Resources */ = {
			isa = PBXResourcesBuildPhase;
			buildActionMask = 2147483647;
			files = (
			);
			runOnlyForDeploymentPostprocessing = 0;
		};
/* End PBXResourcesBuildPhase section */

/* Begin PBXShellScriptBuildPhase section */
		A61F7A07B97FE318ECAE152C /* [CP] Check Pods Manifest.lock */ = {
			isa = PBXShellScriptBuildPhase;
			buildActionMask = 2147483647;
			files = (
			);
			inputPaths = (
				"${PODS_PODFILE_DIR_PATH}/Podfile.lock",
				"${PODS_ROOT}/Manifest.lock",
			);
			name = "[CP] Check Pods Manifest.lock";
			outputPaths = (
				"$(DERIVED_FILE_DIR)/Pods-SQRNetworkRequset-checkManifestLockResult.txt",
			);
			runOnlyForDeploymentPostprocessing = 0;
			shellPath = /bin/sh;
			shellScript = "diff \"${PODS_PODFILE_DIR_PATH}/Podfile.lock\" \"${PODS_ROOT}/Manifest.lock\" > /dev/null\nif [ $? != 0 ] ; then\n    # print error to STDERR\n    echo \"error: The sandbox is not in sync with the Podfile.lock. Run 'pod install' or update your CocoaPods installation.\" >&2\n    exit 1\nfi\n# This output is used by Xcode 'outputs' to avoid re-running this script phase.\necho \"SUCCESS\" > \"${SCRIPT_OUTPUT_FILE_0}\"\n";
			showEnvVarsInLog = 0;
		};
/* End PBXShellScriptBuildPhase section */

/* Begin PBXSourcesBuildPhase section */
		9A2D668620CE101700C986E3 /* Sources */ = {
			isa = PBXSourcesBuildPhase;
			buildActionMask = 2147483647;
			files = (
				9A2D66CF20CE109C00C986E3 /* AppDelegate.m in Sources */,
				9A2D66D420CE109C00C986E3 /* main.m in Sources */,
				9A71D07E20E4B55F00E53BC8 /* HMFJSONResponseSerializerWithData.m in Sources */,
				9A2D66D520CE109C00C986E3 /* ViewController.m in Sources */,
				9A2D66D920CE10A900C986E3 /* SQRNetworkRequest.m in Sources */,
				9A1AC7E620ECA4B600482B2B /* LoginLoseEfficacyView.m in Sources */,
			);
			runOnlyForDeploymentPostprocessing = 0;
		};
		9A2D669E20CE101A00C986E3 /* Sources */ = {
			isa = PBXSourcesBuildPhase;
			buildActionMask = 2147483647;
			files = (
				9A2D66A720CE101A00C986E3 /* SQRNetworkRequsetTests.m in Sources */,
			);
			runOnlyForDeploymentPostprocessing = 0;
		};
		9A2D66A920CE101A00C986E3 /* Sources */ = {
			isa = PBXSourcesBuildPhase;
			buildActionMask = 2147483647;
			files = (
				9A2D66B220CE101A00C986E3 /* SQRNetworkRequsetUITests.m in Sources */,
			);
			runOnlyForDeploymentPostprocessing = 0;
		};
/* End PBXSourcesBuildPhase section */

/* Begin PBXTargetDependency section */
		9A2D66A420CE101A00C986E3 /* PBXTargetDependency */ = {
			isa = PBXTargetDependency;
			target = 9A2D668920CE101700C986E3 /* SQRNetworkRequset */;
			targetProxy = 9A2D66A320CE101A00C986E3 /* PBXContainerItemProxy */;
		};
		9A2D66AF20CE101A00C986E3 /* PBXTargetDependency */ = {
			isa = PBXTargetDependency;
			target = 9A2D668920CE101700C986E3 /* SQRNetworkRequset */;
			targetProxy = 9A2D66AE20CE101A00C986E3 /* PBXContainerItemProxy */;
		};
/* End PBXTargetDependency section */

/* Begin PBXVariantGroup section */
		9A2D66C620CE109C00C986E3 /* LaunchScreen.storyboard */ = {
			isa = PBXVariantGroup;
			children = (
				9A2D66C720CE109C00C986E3 /* Base */,
			);
			name = LaunchScreen.storyboard;
			sourceTree = "<group>";
		};
		9A2D66C820CE109C00C986E3 /* Main.storyboard */ = {
			isa = PBXVariantGroup;
			children = (
				9A2D66C920CE109C00C986E3 /* Base */,
			);
			name = Main.storyboard;
			sourceTree = "<group>";
		};
/* End PBXVariantGroup section */

/* Begin XCBuildConfiguration section */
		9A2D66B420CE101A00C986E3 /* Debug */ = {
			isa = XCBuildConfiguration;
			buildSettings = {
				ALWAYS_SEARCH_USER_PATHS = NO;
				CLANG_ANALYZER_NONNULL = YES;
				CLANG_ANALYZER_NUMBER_OBJECT_CONVERSION = YES_AGGRESSIVE;
				CLANG_CXX_LANGUAGE_STANDARD = "gnu++14";
				CLANG_CXX_LIBRARY = "libc++";
				CLANG_ENABLE_MODULES = YES;
				CLANG_ENABLE_OBJC_ARC = YES;
				CLANG_ENABLE_OBJC_WEAK = YES;
				CLANG_WARN_BLOCK_CAPTURE_AUTORELEASING = YES;
				CLANG_WARN_BOOL_CONVERSION = YES;
				CLANG_WARN_COMMA = YES;
				CLANG_WARN_CONSTANT_CONVERSION = YES;
				CLANG_WARN_DEPRECATED_OBJC_IMPLEMENTATIONS = YES;
				CLANG_WARN_DIRECT_OBJC_ISA_USAGE = YES_ERROR;
				CLANG_WARN_DOCUMENTATION_COMMENTS = YES;
				CLANG_WARN_EMPTY_BODY = YES;
				CLANG_WARN_ENUM_CONVERSION = YES;
				CLANG_WARN_INFINITE_RECURSION = YES;
				CLANG_WARN_INT_CONVERSION = YES;
				CLANG_WARN_NON_LITERAL_NULL_CONVERSION = YES;
				CLANG_WARN_OBJC_IMPLICIT_RETAIN_SELF = YES;
				CLANG_WARN_OBJC_LITERAL_CONVERSION = YES;
				CLANG_WARN_OBJC_ROOT_CLASS = YES_ERROR;
				CLANG_WARN_RANGE_LOOP_ANALYSIS = YES;
				CLANG_WARN_STRICT_PROTOTYPES = YES;
				CLANG_WARN_SUSPICIOUS_MOVE = YES;
				CLANG_WARN_UNGUARDED_AVAILABILITY = YES_AGGRESSIVE;
				CLANG_WARN_UNREACHABLE_CODE = YES;
				CLANG_WARN__DUPLICATE_METHOD_MATCH = YES;
				CODE_SIGN_IDENTITY = "iPhone Developer";
				COPY_PHASE_STRIP = NO;
				DEBUG_INFORMATION_FORMAT = dwarf;
				ENABLE_STRICT_OBJC_MSGSEND = YES;
				ENABLE_TESTABILITY = YES;
				GCC_C_LANGUAGE_STANDARD = gnu11;
				GCC_DYNAMIC_NO_PIC = NO;
				GCC_NO_COMMON_BLOCKS = YES;
				GCC_OPTIMIZATION_LEVEL = 0;
				GCC_PREPROCESSOR_DEFINITIONS = (
					"DEBUG=1",
					"$(inherited)",
				);
				GCC_WARN_64_TO_32_BIT_CONVERSION = YES;
				GCC_WARN_ABOUT_RETURN_TYPE = YES_ERROR;
				GCC_WARN_UNDECLARED_SELECTOR = YES;
				GCC_WARN_UNINITIALIZED_AUTOS = YES_AGGRESSIVE;
				GCC_WARN_UNUSED_FUNCTION = YES;
				GCC_WARN_UNUSED_VARIABLE = YES;
				IPHONEOS_DEPLOYMENT_TARGET = 11.3;
				MTL_ENABLE_DEBUG_INFO = YES;
				ONLY_ACTIVE_ARCH = YES;
				SDKROOT = iphoneos;
			};
			name = Debug;
		};
		9A2D66B520CE101A00C986E3 /* Release */ = {
			isa = XCBuildConfiguration;
			buildSettings = {
				ALWAYS_SEARCH_USER_PATHS = NO;
				CLANG_ANALYZER_NONNULL = YES;
				CLANG_ANALYZER_NUMBER_OBJECT_CONVERSION = YES_AGGRESSIVE;
				CLANG_CXX_LANGUAGE_STANDARD = "gnu++14";
				CLANG_CXX_LIBRARY = "libc++";
				CLANG_ENABLE_MODULES = YES;
				CLANG_ENABLE_OBJC_ARC = YES;
				CLANG_ENABLE_OBJC_WEAK = YES;
				CLANG_WARN_BLOCK_CAPTURE_AUTORELEASING = YES;
				CLANG_WARN_BOOL_CONVERSION = YES;
				CLANG_WARN_COMMA = YES;
				CLANG_WARN_CONSTANT_CONVERSION = YES;
				CLANG_WARN_DEPRECATED_OBJC_IMPLEMENTATIONS = YES;
				CLANG_WARN_DIRECT_OBJC_ISA_USAGE = YES_ERROR;
				CLANG_WARN_DOCUMENTATION_COMMENTS = YES;
				CLANG_WARN_EMPTY_BODY = YES;
				CLANG_WARN_ENUM_CONVERSION = YES;
				CLANG_WARN_INFINITE_RECURSION = YES;
				CLANG_WARN_INT_CONVERSION = YES;
				CLANG_WARN_NON_LITERAL_NULL_CONVERSION = YES;
				CLANG_WARN_OBJC_IMPLICIT_RETAIN_SELF = YES;
				CLANG_WARN_OBJC_LITERAL_CONVERSION = YES;
				CLANG_WARN_OBJC_ROOT_CLASS = YES_ERROR;
				CLANG_WARN_RANGE_LOOP_ANALYSIS = YES;
				CLANG_WARN_STRICT_PROTOTYPES = YES;
				CLANG_WARN_SUSPICIOUS_MOVE = YES;
				CLANG_WARN_UNGUARDED_AVAILABILITY = YES_AGGRESSIVE;
				CLANG_WARN_UNREACHABLE_CODE = YES;
				CLANG_WARN__DUPLICATE_METHOD_MATCH = YES;
				CODE_SIGN_IDENTITY = "iPhone Developer";
				COPY_PHASE_STRIP = NO;
				DEBUG_INFORMATION_FORMAT = "dwarf-with-dsym";
				ENABLE_NS_ASSERTIONS = NO;
				ENABLE_STRICT_OBJC_MSGSEND = YES;
				GCC_C_LANGUAGE_STANDARD = gnu11;
				GCC_NO_COMMON_BLOCKS = YES;
				GCC_WARN_64_TO_32_BIT_CONVERSION = YES;
				GCC_WARN_ABOUT_RETURN_TYPE = YES_ERROR;
				GCC_WARN_UNDECLARED_SELECTOR = YES;
				GCC_WARN_UNINITIALIZED_AUTOS = YES_AGGRESSIVE;
				GCC_WARN_UNUSED_FUNCTION = YES;
				GCC_WARN_UNUSED_VARIABLE = YES;
				IPHONEOS_DEPLOYMENT_TARGET = 11.3;
				MTL_ENABLE_DEBUG_INFO = NO;
				SDKROOT = iphoneos;
				VALIDATE_PRODUCT = YES;
			};
			name = Release;
		};
		9A2D66B720CE101A00C986E3 /* Debug */ = {
			isa = XCBuildConfiguration;
			baseConfigurationReference = 1D036C39827FF1D41F5F054C /* Pods-SQRNetworkRequset.debug.xcconfig */;
			buildSettings = {
				ASSETCATALOG_COMPILER_APPICON_NAME = AppIcon;
				CODE_SIGN_STYLE = Automatic;
				DEVELOPMENT_TEAM = M7JT4ZMJ42;
				INFOPLIST_FILE = "$(SRCROOT)/SQRNetworkRequsetExample/Info.plist";
				LD_RUNPATH_SEARCH_PATHS = (
					"$(inherited)",
					"@executable_path/Frameworks",
				);
				PRODUCT_BUNDLE_IDENTIFIER = cn.shequren.SQRNetworkRequset;
				PRODUCT_NAME = "$(TARGET_NAME)";
				TARGETED_DEVICE_FAMILY = "1,2";
			};
			name = Debug;
		};
		9A2D66B820CE101A00C986E3 /* Release */ = {
			isa = XCBuildConfiguration;
			baseConfigurationReference = 052D2D0ADA7D66B2A017A647 /* Pods-SQRNetworkRequset.release.xcconfig */;
			buildSettings = {
				ASSETCATALOG_COMPILER_APPICON_NAME = AppIcon;
				CODE_SIGN_STYLE = Automatic;
				DEVELOPMENT_TEAM = M7JT4ZMJ42;
				INFOPLIST_FILE = "$(SRCROOT)/SQRNetworkRequsetExample/Info.plist";
				LD_RUNPATH_SEARCH_PATHS = (
					"$(inherited)",
					"@executable_path/Frameworks",
				);
				PRODUCT_BUNDLE_IDENTIFIER = cn.shequren.SQRNetworkRequset;
				PRODUCT_NAME = "$(TARGET_NAME)";
				TARGETED_DEVICE_FAMILY = "1,2";
			};
			name = Release;
		};
		9A2D66BA20CE101A00C986E3 /* Debug */ = {
			isa = XCBuildConfiguration;
			buildSettings = {
				BUNDLE_LOADER = "$(TEST_HOST)";
				CODE_SIGN_STYLE = Automatic;
				INFOPLIST_FILE = SQRNetworkRequsetTests/Info.plist;
				LD_RUNPATH_SEARCH_PATHS = (
					"$(inherited)",
					"@executable_path/Frameworks",
					"@loader_path/Frameworks",
				);
				PRODUCT_BUNDLE_IDENTIFIER = cn.shequren.SQRNetworkRequsetTests;
				PRODUCT_NAME = "$(TARGET_NAME)";
				TARGETED_DEVICE_FAMILY = "1,2";
				TEST_HOST = "$(BUILT_PRODUCTS_DIR)/SQRNetworkRequset.app/SQRNetworkRequset";
			};
			name = Debug;
		};
		9A2D66BB20CE101A00C986E3 /* Release */ = {
			isa = XCBuildConfiguration;
			buildSettings = {
				BUNDLE_LOADER = "$(TEST_HOST)";
				CODE_SIGN_STYLE = Automatic;
				INFOPLIST_FILE = SQRNetworkRequsetTests/Info.plist;
				LD_RUNPATH_SEARCH_PATHS = (
					"$(inherited)",
					"@executable_path/Frameworks",
					"@loader_path/Frameworks",
				);
				PRODUCT_BUNDLE_IDENTIFIER = cn.shequren.SQRNetworkRequsetTests;
				PRODUCT_NAME = "$(TARGET_NAME)";
				TARGETED_DEVICE_FAMILY = "1,2";
				TEST_HOST = "$(BUILT_PRODUCTS_DIR)/SQRNetworkRequset.app/SQRNetworkRequset";
			};
			name = Release;
		};
		9A2D66BD20CE101A00C986E3 /* Debug */ = {
			isa = XCBuildConfiguration;
			buildSettings = {
				CODE_SIGN_STYLE = Automatic;
				INFOPLIST_FILE = SQRNetworkRequsetUITests/Info.plist;
				LD_RUNPATH_SEARCH_PATHS = (
					"$(inherited)",
					"@executable_path/Frameworks",
					"@loader_path/Frameworks",
				);
				PRODUCT_BUNDLE_IDENTIFIER = cn.shequren.SQRNetworkRequsetUITests;
				PRODUCT_NAME = "$(TARGET_NAME)";
				TARGETED_DEVICE_FAMILY = "1,2";
				TEST_TARGET_NAME = SQRNetworkRequset;
			};
			name = Debug;
		};
		9A2D66BE20CE101A00C986E3 /* Release */ = {
			isa = XCBuildConfiguration;
			buildSettings = {
				CODE_SIGN_STYLE = Automatic;
				INFOPLIST_FILE = SQRNetworkRequsetUITests/Info.plist;
				LD_RUNPATH_SEARCH_PATHS = (
					"$(inherited)",
					"@executable_path/Frameworks",
					"@loader_path/Frameworks",
				);
				PRODUCT_BUNDLE_IDENTIFIER = cn.shequren.SQRNetworkRequsetUITests;
				PRODUCT_NAME = "$(TARGET_NAME)";
				TARGETED_DEVICE_FAMILY = "1,2";
				TEST_TARGET_NAME = SQRNetworkRequset;
			};
			name = Release;
		};
/* End XCBuildConfiguration section */

/* Begin XCConfigurationList section */
		9A2D668520CE101700C986E3 /* Build configuration list for PBXProject "SQRNetworkRequset" */ = {
			isa = XCConfigurationList;
			buildConfigurations = (
				9A2D66B420CE101A00C986E3 /* Debug */,
				9A2D66B520CE101A00C986E3 /* Release */,
			);
			defaultConfigurationIsVisible = 0;
			defaultConfigurationName = Release;
		};
		9A2D66B620CE101A00C986E3 /* Build configuration list for PBXNativeTarget "SQRNetworkRequset" */ = {
			isa = XCConfigurationList;
			buildConfigurations = (
				9A2D66B720CE101A00C986E3 /* Debug */,
				9A2D66B820CE101A00C986E3 /* Release */,
			);
			defaultConfigurationIsVisible = 0;
			defaultConfigurationName = Release;
		};
		9A2D66B920CE101A00C986E3 /* Build configuration list for PBXNativeTarget "SQRNetworkRequsetTests" */ = {
			isa = XCConfigurationList;
			buildConfigurations = (
				9A2D66BA20CE101A00C986E3 /* Debug */,
				9A2D66BB20CE101A00C986E3 /* Release */,
			);
			defaultConfigurationIsVisible = 0;
			defaultConfigurationName = Release;
		};
		9A2D66BC20CE101A00C986E3 /* Build configuration list for PBXNativeTarget "SQRNetworkRequsetUITests" */ = {
			isa = XCConfigurationList;
			buildConfigurations = (
				9A2D66BD20CE101A00C986E3 /* Debug */,
				9A2D66BE20CE101A00C986E3 /* Release */,
			);
			defaultConfigurationIsVisible = 0;
			defaultConfigurationName = Release;
		};
/* End XCConfigurationList section */
	};
	rootObject = 9A2D668220CE101700C986E3 /* Project object */;
}
